
Microsoft Visual Studio Solution File, Format Version 12.00
# Visual Studio 15
VisualStudioVersion = 15.0.27428.2015
MinimumVisualStudioVersion = 10.0.40219.1
Project("{FAE04EC0-301F-11D3-BF4B-00C04F79EFBC}") = "Shinobytes.Console.Forms", "src\Shinobytes.Console.Forms\Shinobytes.Console.Forms.csproj", "{66486D47-DF67-4B87-B89E-8A9DA48CDFBC}"
EndProject
Project("{FAE04EC0-301F-11D3-BF4B-00C04F79EFBC}") = "SampleConsoleApp", "samples\SampleConsoleApp\SampleConsoleApp.csproj", "{D8FC44DD-C705-45CB-B611-FE686A2A858B}"
EndProject
Project("{2150E333-8FDC-42A3-9474-1A3956D46DE8}") = "Samples", "Samples", "{588B0246-5D26-4628-A3F8-0A83C524435A}"
EndProject
Project("{FAE04EC0-301F-11D3-BF4B-00C04F79EFBC}") = "ChatApp", "samples\ChatApp\ChatApp.csproj", "{66324E55-C72B-4317-8C24-BCFE48DC7D0D}"
EndProject
Project("{FAE04EC0-301F-11D3-BF4B-00C04F79EFBC}") = "Shinobytes.Console.Forms.Views", "src\Shinobytes.Console.Forms.VueLike\Shinobytes.Console.Forms.Views.csproj", "{DF365502-7F07-45AF-8D37-3953D6D4DC20}"
EndProject
Project("{FAE04EC0-301F-11D3-BF4B-00C04F79EFBC}") = "VueLikeSample", "samples\VueLikeSample\VueLikeSample.csproj", "{592EDDD6-4C1D-4F60-B369-34CD9925D475}"
EndProject
Project("{2150E333-8FDC-42A3-9474-1A3956D46DE8}") = "Source", "Source", "{95E2F7E7-E3BF-4620-B34B-CABFC52A3913}"
EndProject
Project("{2150E333-8FDC-42A3-9474-1A3956D46DE8}") = "Tests", "Tests", "{790F9885-CAE0-4495-8928-AA2807F2152F}"
EndProject
Project("{FAE04EC0-301F-11D3-BF4B-00C04F79EFBC}") = "Shinobytes.Console.Forms.Views.Tests", "tests\Shinobytes.Console.Forms.Views.Tests\Shinobytes.Console.Forms.Views.Tests.csproj", "{692D3008-E0F4-4987-8379-C85CE6A3AE7A}"
EndProject
Global
	GlobalSection(SolutionConfigurationPlatforms) = preSolution
		Debug|Any CPU = Debug|Any CPU
		Release|Any CPU = Release|Any CPU
	EndGlobalSection
	GlobalSection(ProjectConfigurationPlatforms) = postSolution
		{66486D47-DF67-4B87-B89E-8A9DA48CDFBC}.Debug|Any CPU.ActiveCfg = Debug|Any CPU
		{66486D47-DF67-4B87-B89E-8A9DA48CDFBC}.Debug|Any CPU.Build.0 = Debug|Any CPU
		{66486D47-DF67-4B87-B89E-8A9DA48CDFBC}.Release|Any CPU.ActiveCfg = Release|Any CPU
		{66486D47-DF67-4B87-B89E-8A9DA48CDFBC}.Release|Any CPU.Build.0 = Release|Any CPU
		{D8FC44DD-C705-45CB-B611-FE686A2A858B}.Debug|Any CPU.ActiveCfg = Debug|Any CPU
		{D8FC44DD-C705-45CB-B611-FE686A2A858B}.Debug|Any CPU.Build.0 = Debug|Any CPU
		{D8FC44DD-C705-45CB-B611-FE686A2A858B}.Release|Any CPU.ActiveCfg = Release|Any CPU
		{D8FC44DD-C705-45CB-B611-FE686A2A858B}.Release|Any CPU.Build.0 = Release|Any CPU
		{66324E55-C72B-4317-8C24-BCFE48DC7D0D}.Debug|Any CPU.ActiveCfg = Debug|Any CPU
		{66324E55-C72B-4317-8C24-BCFE48DC7D0D}.Debug|Any CPU.Build.0 = Debug|Any CPU
		{66324E55-C72B-4317-8C24-BCFE48DC7D0D}.Release|Any CPU.ActiveCfg = Release|Any CPU
		{66324E55-C72B-4317-8C24-BCFE48DC7D0D}.Release|Any CPU.Build.0 = Release|Any CPU
		{DF365502-7F07-45AF-8D37-3953D6D4DC20}.Debug|Any CPU.ActiveCfg = Debug|Any CPU
		{DF365502-7F07-45AF-8D37-3953D6D4DC20}.Debug|Any CPU.Build.0 = Debug|Any CPU
		{DF365502-7F07-45AF-8D37-3953D6D4DC20}.Release|Any CPU.ActiveCfg = Release|Any CPU
		{DF365502-7F07-45AF-8D37-3953D6D4DC20}.Release|Any CPU.Build.0 = Release|Any CPU
		{592EDDD6-4C1D-4F60-B369-34CD9925D475}.Debug|Any CPU.ActiveCfg = Debug|Any CPU
		{592EDDD6-4C1D-4F60-B369-34CD9925D475}.Debug|Any CPU.Build.0 = Debug|Any CPU
		{592EDDD6-4C1D-4F60-B369-34CD9925D475}.Release|Any CPU.ActiveCfg = Release|Any CPU
		{592EDDD6-4C1D-4F60-B369-34CD9925D475}.Release|Any CPU.Build.0 = Release|Any CPU
		{692D3008-E0F4-4987-8379-C85CE6A3AE7A}.Debug|Any CPU.ActiveCfg = Debug|Any CPU
		{692D3008-E0F4-4987-8379-C85CE6A3AE7A}.Debug|Any CPU.Build.0 = Debug|Any CPU
		{692D3008-E0F4-4987-8379-C85CE6A3AE7A}.Release|Any CPU.ActiveCfg = Release|Any CPU
		{692D3008-E0F4-4987-8379-C85CE6A3AE7A}.Release|Any CPU.Build.0 = Release|Any CPU
	EndGlobalSection
	GlobalSection(SolutionProperties) = preSolution
		HideSolutionNode = FALSE
	EndGlobalSection
	GlobalSection(NestedProjects) = preSolution
		{66486D47-DF67-4B87-B89E-8A9DA48CDFBC} = {95E2F7E7-E3BF-4620-B34B-CABFC52A3913}
		{D8FC44DD-C705-45CB-B611-FE686A2A858B} = {588B0246-5D26-4628-A3F8-0A83C524435A}
		{66324E55-C72B-4317-8C24-BCFE48DC7D0D} = {588B0246-5D26-4628-A3F8-0A83C524435A}
		{DF365502-7F07-45AF-8D37-3953D6D4DC20} = {95E2F7E7-E3BF-4620-B34B-CABFC52A3913}
		{592EDDD6-4C1D-4F60-B369-34CD9925D475} = {588B0246-5D26-4628-A3F8-0A83C524435A}
		{692D3008-E0F4-4987-8379-C85CE6A3AE7A} = {790F9885-CAE0-4495-8928-AA2807F2152F}
	EndGlobalSection
	GlobalSection(ExtensibilityGlobals) = postSolution
		SolutionGuid = {41ECA6A6-7382-4A78-ABAB-186A707A8569}
	EndGlobalSection
EndGlobal
